<?xml version="1.0" encoding="UTF-8"?>
<!DOCTYPE plist PUBLIC "-//Apple//DTD PLIST 1.0//EN" "http://www.apple.com/DTDs/PropertyList-1.0.dtd">
<plist version="1.0">
<dict>
	<key>hostname</key>
	<string>Jacks-MacBook-Pro.local</string>
	<key>hostuuid</key>
	<string>BFC76C67-C6B9-575C-BB67-8A2CB99D262E</string>
	<key>pid</key>
	<integer>64479</integer>
	<key>processname</key>
	<string>photolibraryd</string>
	<key>uid</key>
	<integer>501</integer>
</dict>
</plist>
